
Microsoft Visual Studio Solution File, Format Version 12.00
# Visual Studio Version 17
VisualStudioVersion = 17.7.34221.43
MinimumVisualStudioVersion = 10.0.40219.1
Project("{FAE04EC0-301F-11D3-BF4B-00C04F79EFBC}") = "5by5-Persist", "5by5-Persist\5by5-Persist.csproj", "{14ACFA08-6CB3-4EB9-BAFE-8C7C338848BD}"
EndProject
Project("{FAE04EC0-301F-11D3-BF4B-00C04F79EFBC}") = "Controller", "Controller\Controller.csproj", "{41F75339-7F23-4972-BB16-0C7734579313}"
EndProject
Project("{FAE04EC0-301F-11D3-BF4B-00C04F79EFBC}") = "Model", "Model\Model.csproj", "{ADF152FE-95D3-4094-8060-5CE3B03607D7}"
EndProject
Project("{FAE04EC0-301F-11D3-BF4B-00C04F79EFBC}") = "Repository", "Repository\Repository.csproj", "{B7829FA4-E914-4CCF-B077-31BA55C60FED}"
EndProject
Project("{FAE04EC0-301F-11D3-BF4B-00C04F79EFBC}") = "Service", "Service\Service.csproj", "{B879B9CE-BCA0-4294-BE42-082AE5C5E766}"
EndProject
Global
	GlobalSection(SolutionConfigurationPlatforms) = preSolution
		Debug|Any CPU = Debug|Any CPU
		Release|Any CPU = Release|Any CPU
	EndGlobalSection
	GlobalSection(ProjectConfigurationPlatforms) = postSolution
		{14ACFA08-6CB3-4EB9-BAFE-8C7C338848BD}.Debug|Any CPU.ActiveCfg = Debug|Any CPU
		{14ACFA08-6CB3-4EB9-BAFE-8C7C338848BD}.Debug|Any CPU.Build.0 = Debug|Any CPU
		{14ACFA08-6CB3-4EB9-BAFE-8C7C338848BD}.Release|Any CPU.ActiveCfg = Release|Any CPU
		{14ACFA08-6CB3-4EB9-BAFE-8C7C338848BD}.Release|Any CPU.Build.0 = Release|Any CPU
		{41F75339-7F23-4972-BB16-0C7734579313}.Debug|Any CPU.ActiveCfg = Debug|Any CPU
		{41F75339-7F23-4972-BB16-0C7734579313}.Debug|Any CPU.Build.0 = Debug|Any CPU
		{41F75339-7F23-4972-BB16-0C7734579313}.Release|Any CPU.ActiveCfg = Release|Any CPU
		{41F75339-7F23-4972-BB16-0C7734579313}.Release|Any CPU.Build.0 = Release|Any CPU
		{ADF152FE-95D3-4094-8060-5CE3B03607D7}.Debug|Any CPU.ActiveCfg = Debug|Any CPU
		{ADF152FE-95D3-4094-8060-5CE3B03607D7}.Debug|Any CPU.Build.0 = Debug|Any CPU
		{ADF152FE-95D3-4094-8060-5CE3B03607D7}.Release|Any CPU.ActiveCfg = Release|Any CPU
		{ADF152FE-95D3-4094-8060-5CE3B03607D7}.Release|Any CPU.Build.0 = Release|Any CPU
		{B7829FA4-E914-4CCF-B077-31BA55C60FED}.Debug|Any CPU.ActiveCfg = Debug|Any CPU
		{B7829FA4-E914-4CCF-B077-31BA55C60FED}.Debug|Any CPU.Build.0 = Debug|Any CPU
		{B7829FA4-E914-4CCF-B077-31BA55C60FED}.Release|Any CPU.ActiveCfg = Release|Any CPU
		{B7829FA4-E914-4CCF-B077-31BA55C60FED}.Release|Any CPU.Build.0 = Release|Any CPU
		{B879B9CE-BCA0-4294-BE42-082AE5C5E766}.Debug|Any CPU.ActiveCfg = Debug|Any CPU
		{B879B9CE-BCA0-4294-BE42-082AE5C5E766}.Debug|Any CPU.Build.0 = Debug|Any CPU
		{B879B9CE-BCA0-4294-BE42-082AE5C5E766}.Release|Any CPU.ActiveCfg = Release|Any CPU
		{B879B9CE-BCA0-4294-BE42-082AE5C5E766}.Release|Any CPU.Build.0 = Release|Any CPU
	EndGlobalSection
	GlobalSection(SolutionProperties) = preSolution
		HideSolutionNode = FALSE
	EndGlobalSection
	GlobalSection(ExtensibilityGlobals) = postSolution
		SolutionGuid = {C41F8195-34E8-42A9-A53D-E7E1BFE185F0}
	EndGlobalSection
EndGlobal
